
Microsoft Visual Studio Solution File, Format Version 12.00
# Visual Studio Version 17
VisualStudioVersion = 17.13.35919.96 d17.13
MinimumVisualStudioVersion = 10.0.40219.1
Project("{FAE04EC0-301F-11D3-BF4B-00C04F79EFBC}") = "SuperMediaR", "SuperMediaR\SuperMediaR.csproj", "{2B1C32B6-E549-4138-97B3-B9DF4BC2839C}"
EndProject
Global
	GlobalSection(SolutionConfigurationPlatforms) = preSolution
		Debug|Any CPU = Debug|Any CPU
		Release|Any CPU = Release|Any CPU
	EndGlobalSection
	GlobalSection(ProjectConfigurationPlatforms) = postSolution
		{2B1C32B6-E549-4138-97B3-B9DF4BC2839C}.Debug|Any CPU.ActiveCfg = Debug|Any CPU
		{2B1C32B6-E549-4138-97B3-B9DF4BC2839C}.Debug|Any CPU.Build.0 = Debug|Any CPU
		{2B1C32B6-E549-4138-97B3-B9DF4BC2839C}.Release|Any CPU.ActiveCfg = Release|Any CPU
		{2B1C32B6-E549-4138-97B3-B9DF4BC2839C}.Release|Any CPU.Build.0 = Release|Any CPU
	EndGlobalSection
	GlobalSection(SolutionProperties) = preSolution
		HideSolutionNode = FALSE
	EndGlobalSection
	GlobalSection(ExtensibilityGlobals) = postSolution
		SolutionGuid = {19DDC681-E48B-4200-A718-948A63D630BB}
	EndGlobalSection
EndGlobal
